Microsoft Visual Studio Solution File, Format Version 12.00
# Visual Studio Version 17
VisualStudioVersion = 17.0.31903.59
MinimumVisualStudioVersion = 10.0.40219.1
Project("{9A19103F-16F7-4668-BE54-9A1E7A4F7556}") = "MarketDataCollector", "src\MarketDataCollector\MarketDataCollector.csproj", "{A1111111-B222-C333-D444-E55555555555}"
EndProject
Project("{9A19103F-16F7-4668-BE54-9A1E7A4F7556}") = "MarketDataCollector.ProviderSdk", "src\MarketDataCollector.ProviderSdk\MarketDataCollector.ProviderSdk.csproj", "{2B8677F1-6BE8-4CEB-88BC-0D2C2A45B37D}"
EndProject
Project("{9A19103F-16F7-4668-BE54-9A1E7A4F7556}") = "MarketDataCollector.Ui", "src\MarketDataCollector.Ui\MarketDataCollector.Ui.csproj", "{7756DAD5-0AAF-45D9-A300-F28239C23078}"
EndProject
Project("{9A19103F-16F7-4668-BE54-9A1E7A4F7556}") = "MarketDataCollector.Uwp", "src\MarketDataCollector.Uwp\MarketDataCollector.Uwp.csproj", "{D8888888-E999-F000-A111-B22222222222}"
EndProject
Project("{9A19103F-16F7-4668-BE54-9A1E7A4F7556}") = "MarketDataCollector.Wpf", "src\MarketDataCollector.Wpf\MarketDataCollector.Wpf.csproj", "{6F8D3A55-3E95-4F9D-9C8F-DBA9A6230B1E}"
EndProject
Project("{9A19103F-16F7-4668-BE54-9A1E7A4F7556}") = "MarketDataCollector.Contracts", "src\MarketDataCollector.Contracts\MarketDataCollector.Contracts.csproj", "{F1111111-A222-B333-C444-D55555555555}"
EndProject
Project("{9A19103F-16F7-4668-BE54-9A1E7A4F7556}") = "MarketDataCollector.Ui.Shared", "src\MarketDataCollector.Ui.Shared\MarketDataCollector.Ui.Shared.csproj", "{G1111111-H222-I333-J444-K55555555555}"
EndProject
Project("{9A19103F-16F7-4668-BE54-9A1E7A4F7556}") = "MarketDataCollector.Tests", "tests\MarketDataCollector.Tests\MarketDataCollector.Tests.csproj", "{B3333333-C444-D555-E666-F77777777777}"
EndProject
Project("{9A19103F-16F7-4668-BE54-9A1E7A4F7556}") = "MarketDataCollector.Benchmarks", "benchmarks\MarketDataCollector.Benchmarks\MarketDataCollector.Benchmarks.csproj", "{C4444444-D555-E666-F777-888888888888}"
EndProject
Project("{F2A71F9B-5D33-465A-A702-920D77279786}") = "MarketDataCollector.FSharp", "src\MarketDataCollector.FSharp\MarketDataCollector.FSharp.fsproj", "{F5555555-A666-B777-C888-D99999999999}"
EndProject
Project("{F2A71F9B-5D33-465A-A702-920D77279786}") = "MarketDataCollector.FSharp.Tests", "tests\MarketDataCollector.FSharp.Tests\MarketDataCollector.FSharp.Tests.fsproj", "{F6666666-A777-B888-C999-DAAAAAAAAA00}"
EndProject
Project("{2150E333-8FDC-42A3-9474-1A3956D46DE8}") = "src", "src", "{E1111111-F222-0333-1444-255555555555}"
EndProject
Project("{2150E333-8FDC-42A3-9474-1A3956D46DE8}") = "tests", "tests", "{E2222222-F333-0444-1555-266666666666}"
EndProject
Project("{2150E333-8FDC-42A3-9474-1A3956D46DE8}") = "benchmarks", "benchmarks", "{E3333333-F444-0555-1666-277777777777}"
EndProject
Global
    GlobalSection(SolutionConfigurationPlatforms) = preSolution
        Debug|Any CPU = Debug|Any CPU
        Release|Any CPU = Release|Any CPU
    EndGlobalSection
    GlobalSection(ProjectConfigurationPlatforms) = postSolution
        {A1111111-B222-C333-D444-E55555555555}.Debug|Any CPU.ActiveCfg = Debug|Any CPU
        {A1111111-B222-C333-D444-E55555555555}.Debug|Any CPU.Build.0 = Debug|Any CPU
        {A1111111-B222-C333-D444-E55555555555}.Release|Any CPU.ActiveCfg = Release|Any CPU
        {A1111111-B222-C333-D444-E55555555555}.Release|Any CPU.Build.0 = Release|Any CPU
        {2B8677F1-6BE8-4CEB-88BC-0D2C2A45B37D}.Debug|Any CPU.ActiveCfg = Debug|Any CPU
        {2B8677F1-6BE8-4CEB-88BC-0D2C2A45B37D}.Debug|Any CPU.Build.0 = Debug|Any CPU
        {2B8677F1-6BE8-4CEB-88BC-0D2C2A45B37D}.Release|Any CPU.ActiveCfg = Release|Any CPU
        {2B8677F1-6BE8-4CEB-88BC-0D2C2A45B37D}.Release|Any CPU.Build.0 = Release|Any CPU
        {7756DAD5-0AAF-45D9-A300-F28239C23078}.Debug|Any CPU.ActiveCfg = Debug|Any CPU
        {7756DAD5-0AAF-45D9-A300-F28239C23078}.Debug|Any CPU.Build.0 = Debug|Any CPU
        {7756DAD5-0AAF-45D9-A300-F28239C23078}.Release|Any CPU.ActiveCfg = Release|Any CPU
        {7756DAD5-0AAF-45D9-A300-F28239C23078}.Release|Any CPU.Build.0 = Release|Any CPU
        {B3333333-C444-D555-E666-F77777777777}.Debug|Any CPU.ActiveCfg = Debug|Any CPU
        {B3333333-C444-D555-E666-F77777777777}.Debug|Any CPU.Build.0 = Debug|Any CPU
        {B3333333-C444-D555-E666-F77777777777}.Release|Any CPU.ActiveCfg = Release|Any CPU
        {B3333333-C444-D555-E666-F77777777777}.Release|Any CPU.Build.0 = Release|Any CPU
        {C4444444-D555-E666-F777-888888888888}.Debug|Any CPU.ActiveCfg = Debug|Any CPU
        {C4444444-D555-E666-F777-888888888888}.Debug|Any CPU.Build.0 = Debug|Any CPU
        {C4444444-D555-E666-F777-888888888888}.Release|Any CPU.ActiveCfg = Release|Any CPU
        {C4444444-D555-E666-F777-888888888888}.Release|Any CPU.Build.0 = Release|Any CPU
        {D8888888-E999-F000-A111-B22222222222}.Debug|Any CPU.ActiveCfg = Debug|x64
        {D8888888-E999-F000-A111-B22222222222}.Debug|Any CPU.Build.0 = Debug|x64
        {D8888888-E999-F000-A111-B22222222222}.Release|Any CPU.ActiveCfg = Release|x64
        {D8888888-E999-F000-A111-B22222222222}.Release|Any CPU.Build.0 = Release|x64
        {6F8D3A55-3E95-4F9D-9C8F-DBA9A6230B1E}.Debug|Any CPU.ActiveCfg = Debug|Any CPU
        {6F8D3A55-3E95-4F9D-9C8F-DBA9A6230B1E}.Debug|Any CPU.Build.0 = Debug|Any CPU
        {6F8D3A55-3E95-4F9D-9C8F-DBA9A6230B1E}.Release|Any CPU.ActiveCfg = Release|Any CPU
        {6F8D3A55-3E95-4F9D-9C8F-DBA9A6230B1E}.Release|Any CPU.Build.0 = Release|Any CPU
        {F1111111-A222-B333-C444-D55555555555}.Debug|Any CPU.ActiveCfg = Debug|Any CPU
        {F1111111-A222-B333-C444-D55555555555}.Debug|Any CPU.Build.0 = Debug|Any CPU
        {F1111111-A222-B333-C444-D55555555555}.Release|Any CPU.ActiveCfg = Release|Any CPU
        {F1111111-A222-B333-C444-D55555555555}.Release|Any CPU.Build.0 = Release|Any CPU
        {G1111111-H222-I333-J444-K55555555555}.Debug|Any CPU.ActiveCfg = Debug|Any CPU
        {G1111111-H222-I333-J444-K55555555555}.Debug|Any CPU.Build.0 = Debug|Any CPU
        {G1111111-H222-I333-J444-K55555555555}.Release|Any CPU.ActiveCfg = Release|Any CPU
        {G1111111-H222-I333-J444-K55555555555}.Release|Any CPU.Build.0 = Release|Any CPU
        {F5555555-A666-B777-C888-D99999999999}.Debug|Any CPU.ActiveCfg = Debug|Any CPU
        {F5555555-A666-B777-C888-D99999999999}.Debug|Any CPU.Build.0 = Debug|Any CPU
        {F5555555-A666-B777-C888-D99999999999}.Release|Any CPU.ActiveCfg = Release|Any CPU
        {F5555555-A666-B777-C888-D99999999999}.Release|Any CPU.Build.0 = Release|Any CPU
        {F6666666-A777-B888-C999-DAAAAAAAAA00}.Debug|Any CPU.ActiveCfg = Debug|Any CPU
        {F6666666-A777-B888-C999-DAAAAAAAAA00}.Debug|Any CPU.Build.0 = Debug|Any CPU
        {F6666666-A777-B888-C999-DAAAAAAAAA00}.Release|Any CPU.ActiveCfg = Release|Any CPU
        {F6666666-A777-B888-C999-DAAAAAAAAA00}.Release|Any CPU.Build.0 = Release|Any CPU
    EndGlobalSection
    GlobalSection(NestedProjects) = preSolution
        {A1111111-B222-C333-D444-E55555555555} = {E1111111-F222-0333-1444-255555555555}
        {2B8677F1-6BE8-4CEB-88BC-0D2C2A45B37D} = {E1111111-F222-0333-1444-255555555555}
        {7756DAD5-0AAF-45D9-A300-F28239C23078} = {E1111111-F222-0333-1444-255555555555}
        {D8888888-E999-F000-A111-B22222222222} = {E1111111-F222-0333-1444-255555555555}
        {6F8D3A55-3E95-4F9D-9C8F-DBA9A6230B1E} = {E1111111-F222-0333-1444-255555555555}
        {F1111111-A222-B333-C444-D55555555555} = {E1111111-F222-0333-1444-255555555555}
        {G1111111-H222-I333-J444-K55555555555} = {E1111111-F222-0333-1444-255555555555}
        {F5555555-A666-B777-C888-D99999999999} = {E1111111-F222-0333-1444-255555555555}
        {B3333333-C444-D555-E666-F77777777777} = {E2222222-F333-0444-1555-266666666666}
        {F6666666-A777-B888-C999-DAAAAAAAAA00} = {E2222222-F333-0444-1555-266666666666}
        {C4444444-D555-E666-F777-888888888888} = {E3333333-F444-0555-1666-277777777777}
    EndGlobalSection
EndGlobal
